
Microsoft Visual Studio Solution File, Format Version 12.00
# Visual Studio Version 17
VisualStudioVersion = 17.5.33530.505
MinimumVisualStudioVersion = 10.0.40219.1
Project("{888888A0-9F3D-457C-B088-3A5042F75D52}") = "neuralNetworkLib", "neuralNetworkLib\neuralNetworkLib.pyproj", "{1D02CAA1-E818-43E5-88B5-2FA32B7E8DCB}"
EndProject
Global
	GlobalSection(SolutionConfigurationPlatforms) = preSolution
		Debug|Any CPU = Debug|Any CPU
		Release|Any CPU = Release|Any CPU
	EndGlobalSection
	GlobalSection(ProjectConfigurationPlatforms) = postSolution
		{1D02CAA1-E818-43E5-88B5-2FA32B7E8DCB}.Debug|Any CPU.ActiveCfg = Debug|Any CPU
		{1D02CAA1-E818-43E5-88B5-2FA32B7E8DCB}.Release|Any CPU.ActiveCfg = Release|Any CPU
	EndGlobalSection
	GlobalSection(SolutionProperties) = preSolution
		HideSolutionNode = FALSE
	EndGlobalSection
	GlobalSection(ExtensibilityGlobals) = postSolution
		SolutionGuid = {392E78FD-256B-4606-BD2C-E377F8D385DD}
	EndGlobalSection
EndGlobal
